
Microsoft Visual Studio Solution File, Format Version 12.00
# Visual Studio Version 17
VisualStudioVersion = 17.3.32922.545
MinimumVisualStudioVersion = 10.0.40219.1
Project("{FAE04EC0-301F-11D3-BF4B-00C04F79EFBC}") = "DataStructureAlgoritmProblems", "DataStructureAlgoritmProblems\DataStructureAlgoritmProblems.csproj", "{33F2444B-39F8-4F22-9CF7-1D8B171EA535}"
EndProject
Global
	GlobalSection(SolutionConfigurationPlatforms) = preSolution
		Debug|Any CPU = Debug|Any CPU
		Release|Any CPU = Release|Any CPU
	EndGlobalSection
	GlobalSection(ProjectConfigurationPlatforms) = postSolution
		{33F2444B-39F8-4F22-9CF7-1D8B171EA535}.Debug|Any CPU.ActiveCfg = Debug|Any CPU
		{33F2444B-39F8-4F22-9CF7-1D8B171EA535}.Debug|Any CPU.Build.0 = Debug|Any CPU
		{33F2444B-39F8-4F22-9CF7-1D8B171EA535}.Release|Any CPU.ActiveCfg = Release|Any CPU
		{33F2444B-39F8-4F22-9CF7-1D8B171EA535}.Release|Any CPU.Build.0 = Release|Any CPU
	EndGlobalSection
	GlobalSection(SolutionProperties) = preSolution
		HideSolutionNode = FALSE
	EndGlobalSection
	GlobalSection(ExtensibilityGlobals) = postSolution
		SolutionGuid = {D036F16F-5524-43A8-88D4-72DDD1DFCC1F}
	EndGlobalSection
EndGlobal
